
Microsoft Visual Studio Solution File, Format Version 12.00
# Visual Studio Version 17
VisualStudioVersion = 17.11.35312.102
MinimumVisualStudioVersion = 10.0.40219.1
Project("{8BC9CEB8-8B4A-11D0-8D11-00A0C91BC942}") = "Project1", "Project1.vcxproj", "{BFA21306-354F-4239-AEC9-3C2C35AB01E4}"
EndProject
Project("{8BC9CEB8-8B4A-11D0-8D11-00A0C91BC942}") = "Project2", "..\Project2\Project2.vcxproj", "{FF12DDC3-2BBD-4CD4-B5D6-DEDA221BA513}"
EndProject
Global
	GlobalSection(SolutionConfigurationPlatforms) = preSolution
		Debug|x64 = Debug|x64
		Debug|x86 = Debug|x86
		Release|x64 = Release|x64
		Release|x86 = Release|x86
	EndGlobalSection
	GlobalSection(ProjectConfigurationPlatforms) = postSolution
		{BFA21306-354F-4239-AEC9-3C2C35AB01E4}.Debug|x64.ActiveCfg = Debug|x64
		{BFA21306-354F-4239-AEC9-3C2C35AB01E4}.Debug|x64.Build.0 = Debug|x64
		{BFA21306-354F-4239-AEC9-3C2C35AB01E4}.Debug|x86.ActiveCfg = Debug|Win32
		{BFA21306-354F-4239-AEC9-3C2C35AB01E4}.Debug|x86.Build.0 = Debug|Win32
		{BFA21306-354F-4239-AEC9-3C2C35AB01E4}.Release|x64.ActiveCfg = Release|x64
		{BFA21306-354F-4239-AEC9-3C2C35AB01E4}.Release|x64.Build.0 = Release|x64
		{BFA21306-354F-4239-AEC9-3C2C35AB01E4}.Release|x86.ActiveCfg = Release|Win32
		{BFA21306-354F-4239-AEC9-3C2C35AB01E4}.Release|x86.Build.0 = Release|Win32
		{FF12DDC3-2BBD-4CD4-B5D6-DEDA221BA513}.Debug|x64.ActiveCfg = Debug|x64
		{FF12DDC3-2BBD-4CD4-B5D6-DEDA221BA513}.Debug|x64.Build.0 = Debug|x64
		{FF12DDC3-2BBD-4CD4-B5D6-DEDA221BA513}.Debug|x86.ActiveCfg = Debug|Win32
		{FF12DDC3-2BBD-4CD4-B5D6-DEDA221BA513}.Debug|x86.Build.0 = Debug|Win32
		{FF12DDC3-2BBD-4CD4-B5D6-DEDA221BA513}.Release|x64.ActiveCfg = Release|x64
		{FF12DDC3-2BBD-4CD4-B5D6-DEDA221BA513}.Release|x64.Build.0 = Release|x64
		{FF12DDC3-2BBD-4CD4-B5D6-DEDA221BA513}.Release|x86.ActiveCfg = Release|Win32
		{FF12DDC3-2BBD-4CD4-B5D6-DEDA221BA513}.Release|x86.Build.0 = Release|Win32
	EndGlobalSection
	GlobalSection(SolutionProperties) = preSolution
		HideSolutionNode = FALSE
	EndGlobalSection
	GlobalSection(ExtensibilityGlobals) = postSolution
		SolutionGuid = {A3D1CA4D-F205-481E-A855-44A52CDC4BBC}
	EndGlobalSection
EndGlobal
